
Microsoft Visual Studio Solution File, Format Version 12.00
# Visual Studio Version 17
VisualStudioVersion = 17.9.34728.123
MinimumVisualStudioVersion = 10.0.40219.1
Project("{FAE04EC0-301F-11D3-BF4B-00C04F79EFBC}") = "FinalBehroseFaisal", "FinalBehroseFaisal\FinalBehroseFaisal.csproj", "{74C2A394-75BC-4A05-8808-F3CAEB8BF8A9}"
EndProject
Global
	GlobalSection(SolutionConfigurationPlatforms) = preSolution
		Debug|Any CPU = Debug|Any CPU
		Release|Any CPU = Release|Any CPU
	EndGlobalSection
	GlobalSection(ProjectConfigurationPlatforms) = postSolution
		{74C2A394-75BC-4A05-8808-F3CAEB8BF8A9}.Debug|Any CPU.ActiveCfg = Debug|Any CPU
		{74C2A394-75BC-4A05-8808-F3CAEB8BF8A9}.Debug|Any CPU.Build.0 = Debug|Any CPU
		{74C2A394-75BC-4A05-8808-F3CAEB8BF8A9}.Debug|Any CPU.Deploy.0 = Debug|Any CPU
		{74C2A394-75BC-4A05-8808-F3CAEB8BF8A9}.Release|Any CPU.ActiveCfg = Release|Any CPU
		{74C2A394-75BC-4A05-8808-F3CAEB8BF8A9}.Release|Any CPU.Build.0 = Release|Any CPU
		{74C2A394-75BC-4A05-8808-F3CAEB8BF8A9}.Release|Any CPU.Deploy.0 = Release|Any CPU
	EndGlobalSection
	GlobalSection(SolutionProperties) = preSolution
		HideSolutionNode = FALSE
	EndGlobalSection
	GlobalSection(ExtensibilityGlobals) = postSolution
		SolutionGuid = {7B3B659F-5F8A-43EA-B85B-8228DD690979}
	EndGlobalSection
EndGlobal
